{
  "originHash" : "61a50f96ba879e8a8ba84cab48e9f6f1004d25f3163f4168bc3e20518b236140",
  "pins" : [
    {
      "identity" : "combinecocoa",
      "kind" : "remoteSourceControl",
      "location" : "https://github.com/CombineCommunity/CombineCocoa.git",
      "state" : {
        "revision" : "7300c75ff9e072aa7fd0fccefcc88f74aae9bf56",
        "version" : "0.4.1"
      }
    }
  ],
  "version" : 3
}
