// !$*UTF8*$!
{
	archiveVersion = 1;
	classes = {
	};
	objectVersion = 77;
	objects = {

/* Begin PBXBuildFile section */
		E56766FB2DEF2BCE0086706F /* CombineCocoa in Frameworks */ = {isa = PBXBuildFile; productRef = E56766FA2DEF2BCE0086706F /* CombineCocoa */; };
		E5ED47E52F27A9D1003F39FB /* DependencyInjection in Frameworks */ = {isa = PBXBuildFile; productRef = E5ED47E42F27A9D1003F39FB /* DependencyInjection */; };
		E5ED47E82F27A9DC003F39FB /* Navigation in Frameworks */ = {isa = PBXBuildFile; productRef = E5ED47E72F27A9DC003F39FB /* Navigation */; };
		E5ED47EB2F27A9E8003F39FB /* NetWork in Frameworks */ = {isa = PBXBuildFile; productRef = E5ED47EA2F27A9E8003F39FB /* NetWork */; };
		E5ED47EE2F27A9F6003F39FB /* Resources in Frameworks */ = {isa = PBXBuildFile; productRef = E5ED47ED2F27A9F6003F39FB /* Resources */; };
		E5ED47F12F27AA04003F39FB /* Storage in Frameworks */ = {isa = PBXBuildFile; productRef = E5ED47F02F27AA04003F39FB /* Storage */; };
		E5ED47F42F27AA11003F39FB /* UIComponents in Frameworks */ = {isa = PBXBuildFile; productRef = E5ED47F32F27AA11003F39FB /* UIComponents */; };
		E5ED47F72F27AA1D003F39FB /* Data in Frameworks */ = {isa = PBXBuildFile; productRef = E5ED47F62F27AA1D003F39FB /* Data */; };
		E5ED47FA2F27AA2B003F39FB /* Characters in Frameworks */ = {isa = PBXBuildFile; productRef = E5ED47F92F27AA2B003F39FB /* Characters */; };
/* End PBXBuildFile section */

/* Begin PBXContainerItemProxy section */
		E54CB6852DD838EF00ABB462 /* PBXContainerItemProxy */ = {
			isa = PBXContainerItemProxy;
			containerPortal = E54CB6662DD838ED00ABB462 /* Project object */;
			proxyType = 1;
			remoteGlobalIDString = E54CB66D2DD838ED00ABB462;
			remoteInfo = RickAndMorty;
		};
		E54CB68F2DD838EF00ABB462 /* PBXContainerItemProxy */ = {
			isa = PBXContainerItemProxy;
			containerPortal = E54CB6662DD838ED00ABB462 /* Project object */;
			proxyType = 1;
			remoteGlobalIDString = E54CB66D2DD838ED00ABB462;
			remoteInfo = RickAndMorty;
		};
/* End PBXContainerItemProxy section */

/* Begin PBXFileReference section */
		E54CB66E2DD838ED00ABB462 /* RickAndMorty.app */ = {isa = PBXFileReference; explicitFileType = wrapper.application; includeInIndex = 0; path = RickAndMorty.app; sourceTree = BUILT_PRODUCTS_DIR; };
		E54CB6842DD838EF00ABB462 /* RickAndMortyTests.xctest */ = {isa = PBXFileReference; explicitFileType = wrapper.cfbundle; includeInIndex = 0; path = RickAndMortyTests.xctest; sourceTree = BUILT_PRODUCTS_DIR; };
		E54CB68E2DD838EF00ABB462 /* RickAndMortyUITests.xctest */ = {isa = PBXFileReference; explicitFileType = wrapper.cfbundle; includeInIndex = 0; path = RickAndMortyUITests.xctest; sourceTree = BUILT_PRODUCTS_DIR; };
/* End PBXFileReference section */

/* Begin PBXFileSystemSynchronizedBuildFileExceptionSet section */
		E54CB6962DD838EF00ABB462 /* Exceptions for "RickAndMorty" folder in "RickAndMorty" target */ = {
			isa = PBXFileSystemSynchronizedBuildFileExceptionSet;
			membershipExceptions = (
				Resources/Info.plist,
			);
			target = E54CB66D2DD838ED00ABB462 /* RickAndMorty */;
		};
/* End PBXFileSystemSynchronizedBuildFileExceptionSet section */

/* Begin PBXFileSystemSynchronizedRootGroup section */
		E54CB6702DD838ED00ABB462 /* RickAndMorty */ = {
			isa = PBXFileSystemSynchronizedRootGroup;
			exceptions = (
				E54CB6962DD838EF00ABB462 /* Exceptions for "RickAndMorty" folder in "RickAndMorty" target */,
			);
			path = RickAndMorty;
			sourceTree = "<group>";
		};
		E54CB6872DD838EF00ABB462 /* RickAndMortyTests */ = {
			isa = PBXFileSystemSynchronizedRootGroup;
			path = RickAndMortyTests;
			sourceTree = "<group>";
		};
		E54CB6912DD838EF00ABB462 /* RickAndMortyUITests */ = {
			isa = PBXFileSystemSynchronizedRootGroup;
			path = RickAndMortyUITests;
			sourceTree = "<group>";
		};
/* End PBXFileSystemSynchronizedRootGroup section */

/* Begin PBXFrameworksBuildPhase section */
		E54CB66B2DD838ED00ABB462 /* Frameworks */ = {
			isa = PBXFrameworksBuildPhase;
			buildActionMask = 2147483647;
			files = (
				E5ED47F12F27AA04003F39FB /* Storage in Frameworks */,
				E5ED47E82F27A9DC003F39FB /* Navigation in Frameworks */,
				E5ED47EB2F27A9E8003F39FB /* NetWork in Frameworks */,
				E5ED47F42F27AA11003F39FB /* UIComponents in Frameworks */,
				E5ED47FA2F27AA2B003F39FB /* Characters in Frameworks */,
				E56766FB2DEF2BCE0086706F /* CombineCocoa in Frameworks */,
				E5ED47E52F27A9D1003F39FB /* DependencyInjection in Frameworks */,
				E5ED47F72F27AA1D003F39FB /* Data in Frameworks */,
				E5ED47EE2F27A9F6003F39FB /* Resources in Frameworks */,
			);
			runOnlyForDeploymentPostprocessing = 0;
		};
		E54CB6812DD838EF00ABB462 /* Frameworks */ = {
			isa = PBXFrameworksBuildPhase;
			buildActionMask = 2147483647;
			files = (
			);
			runOnlyForDeploymentPostprocessing = 0;
		};
		E54CB68B2DD838EF00ABB462 /* Frameworks */ = {
			isa = PBXFrameworksBuildPhase;
			buildActionMask = 2147483647;
			files = (
			);
			runOnlyForDeploymentPostprocessing = 0;
		};
/* End PBXFrameworksBuildPhase section */

/* Begin PBXGroup section */
		E54CB6652DD838ED00ABB462 = {
			isa = PBXGroup;
			children = (
				E54CB6702DD838ED00ABB462 /* RickAndMorty */,
				E54CB6872DD838EF00ABB462 /* RickAndMortyTests */,
				E54CB6912DD838EF00ABB462 /* RickAndMortyUITests */,
				E54CB66F2DD838ED00ABB462 /* Products */,
			);
			sourceTree = "<group>";
		};
		E54CB66F2DD838ED00ABB462 /* Products */ = {
			isa = PBXGroup;
			children = (
				E54CB66E2DD838ED00ABB462 /* RickAndMorty.app */,
				E54CB6842DD838EF00ABB462 /* RickAndMortyTests.xctest */,
				E54CB68E2DD838EF00ABB462 /* RickAndMortyUITests.xctest */,
			);
			name = Products;
			sourceTree = "<group>";
		};
/* End PBXGroup section */

/* Begin PBXNativeTarget section */
		E54CB66D2DD838ED00ABB462 /* RickAndMorty */ = {
			isa = PBXNativeTarget;
			buildConfigurationList = E54CB6972DD838EF00ABB462 /* Build configuration list for PBXNativeTarget "RickAndMorty" */;
			buildPhases = (
				E54CB66A2DD838ED00ABB462 /* Sources */,
				E54CB66B2DD838ED00ABB462 /* Frameworks */,
				E54CB66C2DD838ED00ABB462 /* Resources */,
			);
			buildRules = (
			);
			dependencies = (
			);
			fileSystemSynchronizedGroups = (
				E54CB6702DD838ED00ABB462 /* RickAndMorty */,
			);
			name = RickAndMorty;
			packageProductDependencies = (
				E56766FA2DEF2BCE0086706F /* CombineCocoa */,
				E5ED47E42F27A9D1003F39FB /* DependencyInjection */,
				E5ED47E72F27A9DC003F39FB /* Navigation */,
				E5ED47EA2F27A9E8003F39FB /* NetWork */,
				E5ED47ED2F27A9F6003F39FB /* Resources */,
				E5ED47F02F27AA04003F39FB /* Storage */,
				E5ED47F32F27AA11003F39FB /* UIComponents */,
				E5ED47F62F27AA1D003F39FB /* Data */,
				E5ED47F92F27AA2B003F39FB /* Characters */,
			);
			productName = RickAndMorty;
			productReference = E54CB66E2DD838ED00ABB462 /* RickAndMorty.app */;
			productType = "com.apple.product-type.application";
		};
		E54CB6832DD838EF00ABB462 /* RickAndMortyTests */ = {
			isa = PBXNativeTarget;
			buildConfigurationList = E54CB69C2DD838EF00ABB462 /* Build configuration list for PBXNativeTarget "RickAndMortyTests" */;
			buildPhases = (
				E54CB6802DD838EF00ABB462 /* Sources */,
				E54CB6812DD838EF00ABB462 /* Frameworks */,
				E54CB6822DD838EF00ABB462 /* Resources */,
			);
			buildRules = (
			);
			dependencies = (
				E54CB6862DD838EF00ABB462 /* PBXTargetDependency */,
			);
			fileSystemSynchronizedGroups = (
				E54CB6872DD838EF00ABB462 /* RickAndMortyTests */,
			);
			name = RickAndMortyTests;
			packageProductDependencies = (
			);
			productName = RickAndMortyTests;
			productReference = E54CB6842DD838EF00ABB462 /* RickAndMortyTests.xctest */;
			productType = "com.apple.product-type.bundle.unit-test";
		};
		E54CB68D2DD838EF00ABB462 /* RickAndMortyUITests */ = {
			isa = PBXNativeTarget;
			buildConfigurationList = E54CB69F2DD838EF00ABB462 /* Build configuration list for PBXNativeTarget "RickAndMortyUITests" */;
			buildPhases = (
				E54CB68A2DD838EF00ABB462 /* Sources */,
				E54CB68B2DD838EF00ABB462 /* Frameworks */,
				E54CB68C2DD838EF00ABB462 /* Resources */,
			);
			buildRules = (
			);
			dependencies = (
				E54CB6902DD838EF00ABB462 /* PBXTargetDependency */,
			);
			fileSystemSynchronizedGroups = (
				E54CB6912DD838EF00ABB462 /* RickAndMortyUITests */,
			);
			name = RickAndMortyUITests;
			packageProductDependencies = (
			);
			productName = RickAndMortyUITests;
			productReference = E54CB68E2DD838EF00ABB462 /* RickAndMortyUITests.xctest */;
			productType = "com.apple.product-type.bundle.ui-testing";
		};
/* End PBXNativeTarget section */

/* Begin PBXProject section */
		E54CB6662DD838ED00ABB462 /* Project object */ = {
			isa = PBXProject;
			attributes = {
				BuildIndependentTargetsInParallel = 1;
				LastSwiftUpdateCheck = 1630;
				LastUpgradeCheck = 1630;
				TargetAttributes = {
					E54CB66D2DD838ED00ABB462 = {
						CreatedOnToolsVersion = 16.3;
					};
					E54CB6832DD838EF00ABB462 = {
						CreatedOnToolsVersion = 16.3;
						TestTargetID = E54CB66D2DD838ED00ABB462;
					};
					E54CB68D2DD838EF00ABB462 = {
						CreatedOnToolsVersion = 16.3;
						TestTargetID = E54CB66D2DD838ED00ABB462;
					};
				};
			};
			buildConfigurationList = E54CB6692DD838ED00ABB462 /* Build configuration list for PBXProject "RickAndMorty" */;
			developmentRegion = en;
			hasScannedForEncodings = 0;
			knownRegions = (
				en,
				Base,
			);
			mainGroup = E54CB6652DD838ED00ABB462;
			minimizedProjectReferenceProxies = 1;
			packageReferences = (
				E56766F92DEF2BCE0086706F /* XCRemoteSwiftPackageReference "CombineCocoa" */,
				E5ED47E32F27A9D1003F39FB /* XCLocalSwiftPackageReference "Modules/Core/DependencyInjection" */,
				E5ED47E62F27A9DC003F39FB /* XCLocalSwiftPackageReference "Modules/Core/Navigation" */,
				E5ED47E92F27A9E8003F39FB /* XCLocalSwiftPackageReference "Modules/Core/NetWork" */,
				E5ED47EC2F27A9F6003F39FB /* XCLocalSwiftPackageReference "Modules/Core/Resources" */,
				E5ED47EF2F27AA04003F39FB /* XCLocalSwiftPackageReference "Modules/Core/Storage" */,
				E5ED47F22F27AA11003F39FB /* XCLocalSwiftPackageReference "Modules/Core/UIComponents" */,
				E5ED47F52F27AA1D003F39FB /* XCLocalSwiftPackageReference "Modules/Data" */,
				E5ED47F82F27AA2B003F39FB /* XCLocalSwiftPackageReference "Modules/Features/Characters" */,
			);
			preferredProjectObjectVersion = 77;
			productRefGroup = E54CB66F2DD838ED00ABB462 /* Products */;
			projectDirPath = "";
			projectRoot = "";
			targets = (
				E54CB66D2DD838ED00ABB462 /* RickAndMorty */,
				E54CB6832DD838EF00ABB462 /* RickAndMortyTests */,
				E54CB68D2DD838EF00ABB462 /* RickAndMortyUITests */,
			);
		};
/* End PBXProject section */

/* Begin PBXResourcesBuildPhase section */
		E54CB66C2DD838ED00ABB462 /* Resources */ = {
			isa = PBXResourcesBuildPhase;
			buildActionMask = 2147483647;
			files = (
			);
			runOnlyForDeploymentPostprocessing = 0;
		};
		E54CB6822DD838EF00ABB462 /* Resources */ = {
			isa = PBXResourcesBuildPhase;
			buildActionMask = 2147483647;
			files = (
			);
			runOnlyForDeploymentPostprocessing = 0;
		};
		E54CB68C2DD838EF00ABB462 /* Resources */ = {
			isa = PBXResourcesBuildPhase;
			buildActionMask = 2147483647;
			files = (
			);
			runOnlyForDeploymentPostprocessing = 0;
		};
/* End PBXResourcesBuildPhase section */

/* Begin PBXSourcesBuildPhase section */
		E54CB66A2DD838ED00ABB462 /* Sources */ = {
			isa = PBXSourcesBuildPhase;
			buildActionMask = 2147483647;
			files = (
			);
			runOnlyForDeploymentPostprocessing = 0;
		};
		E54CB6802DD838EF00ABB462 /* Sources */ = {
			isa = PBXSourcesBuildPhase;
			buildActionMask = 2147483647;
			files = (
			);
			runOnlyForDeploymentPostprocessing = 0;
		};
		E54CB68A2DD838EF00ABB462 /* Sources */ = {
			isa = PBXSourcesBuildPhase;
			buildActionMask = 2147483647;
			files = (
			);
			runOnlyForDeploymentPostprocessing = 0;
		};
/* End PBXSourcesBuildPhase section */

/* Begin PBXTargetDependency section */
		E54CB6862DD838EF00ABB462 /* PBXTargetDependency */ = {
			isa = PBXTargetDependency;
			target = E54CB66D2DD838ED00ABB462 /* RickAndMorty */;
			targetProxy = E54CB6852DD838EF00ABB462 /* PBXContainerItemProxy */;
		};
		E54CB6902DD838EF00ABB462 /* PBXTargetDependency */ = {
			isa = PBXTargetDependency;
			target = E54CB66D2DD838ED00ABB462 /* RickAndMorty */;
			targetProxy = E54CB68F2DD838EF00ABB462 /* PBXContainerItemProxy */;
		};
/* End PBXTargetDependency section */

/* Begin XCBuildConfiguration section */
		E54CB6982DD838EF00ABB462 /* Debug */ = {
			isa = XCBuildConfiguration;
			buildSettings = {
				ASSETCATALOG_COMPILER_APPICON_NAME = AppIcon;
				ASSETCATALOG_COMPILER_GLOBAL_ACCENT_COLOR_NAME = AccentColor;
				CODE_SIGN_STYLE = Automatic;
				CURRENT_PROJECT_VERSION = 1;
				DEVELOPMENT_TEAM = 8222RF834L;
				GENERATE_INFOPLIST_FILE = YES;
				INFOPLIST_FILE = RickAndMorty/Resources/Info.plist;
				INFOPLIST_KEY_UIApplicationSupportsIndirectInputEvents = YES;
				INFOPLIST_KEY_UILaunchStoryboardName = LaunchScreen;
				INFOPLIST_KEY_UISupportedInterfaceOrientations = UIInterfaceOrientationPortrait;
				INFOPLIST_KEY_UISupportedInterfaceOrientations_iPad = "UIInterfaceOrientationLandscapeLeft UIInterfaceOrientationLandscapeRight UIInterfaceOrientationPortrait UIInterfaceOrientationPortraitUpsideDown";
				IPHONEOS_DEPLOYMENT_TARGET = 17.0;
				LD_RUNPATH_SEARCH_PATHS = (
					"$(inherited)",
					"@executable_path/Frameworks",
				);
				MARKETING_VERSION = 1.0;
				PRODUCT_BUNDLE_IDENTIFIER = "pavel-yarovoi.RickAndMorty";
				PRODUCT_NAME = "$(TARGET_NAME)";
				SUPPORTED_PLATFORMS = "iphoneos iphonesimulator";
				SUPPORTS_MACCATALYST = NO;
				SUPPORTS_MAC_DESIGNED_FOR_IPHONE_IPAD = NO;
				SUPPORTS_XR_DESIGNED_FOR_IPHONE_IPAD = NO;
				SWIFT_EMIT_LOC_STRINGS = YES;
				SWIFT_VERSION = 6.0;
				TARGETED_DEVICE_FAMILY = 1;
			};
			name = Debug;
		};
		E54CB6992DD838EF00ABB462 /* Release */ = {
			isa = XCBuildConfiguration;
			buildSettings = {
				ASSETCATALOG_COMPILER_APPICON_NAME = AppIcon;
				ASSETCATALOG_COMPILER_GLOBAL_ACCENT_COLOR_NAME = AccentColor;
				CODE_SIGN_STYLE = Automatic;
				CURRENT_PROJECT_VERSION = 1;
				DEVELOPMENT_TEAM = 8222RF834L;
				GENERATE_INFOPLIST_FILE = YES;
				INFOPLIST_FILE = RickAndMorty/Resources/Info.plist;
				INFOPLIST_KEY_UIApplicationSupportsIndirectInputEvents = YES;
				INFOPLIST_KEY_UILaunchStoryboardName = LaunchScreen;
				INFOPLIST_KEY_UISupportedInterfaceOrientations = UIInterfaceOrientationPortrait;
				INFOPLIST_KEY_UISupportedInterfaceOrientations_iPad = "UIInterfaceOrientationLandscapeLeft UIInterfaceOrientationLandscapeRight UIInterfaceOrientationPortrait UIInterfaceOrientationPortraitUpsideDown";
				IPHONEOS_DEPLOYMENT_TARGET = 17.0;
				LD_RUNPATH_SEARCH_PATHS = (
					"$(inherited)",
					"@executable_path/Frameworks",
				);
				MARKETING_VERSION = 1.0;
				PRODUCT_BUNDLE_IDENTIFIER = "pavel-yarovoi.RickAndMorty";
				PRODUCT_NAME = "$(TARGET_NAME)";
				SUPPORTED_PLATFORMS = "iphoneos iphonesimulator";
				SUPPORTS_MACCATALYST = NO;
				SUPPORTS_MAC_DESIGNED_FOR_IPHONE_IPAD = NO;
				SUPPORTS_XR_DESIGNED_FOR_IPHONE_IPAD = NO;
				SWIFT_EMIT_LOC_STRINGS = YES;
				SWIFT_VERSION = 6.0;
				TARGETED_DEVICE_FAMILY = 1;
			};
			name = Release;
		};
		E54CB69A2DD838EF00ABB462 /* Debug */ = {
			isa = XCBuildConfiguration;
			buildSettings = {
				ALWAYS_SEARCH_USER_PATHS = NO;
				ASSETCATALOG_COMPILER_GENERATE_SWIFT_ASSET_SYMBOL_EXTENSIONS = YES;
				CLANG_ANALYZER_NONNULL = YES;
				CLANG_ANALYZER_NUMBER_OBJECT_CONVERSION = YES_AGGRESSIVE;
				CLANG_CXX_LANGUAGE_STANDARD = "gnu++20";
				CLANG_ENABLE_MODULES = YES;
				CLANG_ENABLE_OBJC_ARC = YES;
				CLANG_ENABLE_OBJC_WEAK = YES;
				CLANG_WARN_BLOCK_CAPTURE_AUTORELEASING = YES;
				CLANG_WARN_BOOL_CONVERSION = YES;
				CLANG_WARN_COMMA = YES;
				CLANG_WARN_CONSTANT_CONVERSION = YES;
				CLANG_WARN_DEPRECATED_OBJC_IMPLEMENTATIONS = YES;
				CLANG_WARN_DIRECT_OBJC_ISA_USAGE = YES_ERROR;
				CLANG_WARN_DOCUMENTATION_COMMENTS = YES;
				CLANG_WARN_EMPTY_BODY = YES;
				CLANG_WARN_ENUM_CONVERSION = YES;
				CLANG_WARN_INFINITE_RECURSION = YES;
				CLANG_WARN_INT_CONVERSION = YES;
				CLANG_WARN_NON_LITERAL_NULL_CONVERSION = YES;
				CLANG_WARN_OBJC_IMPLICIT_RETAIN_SELF = YES;
				CLANG_WARN_OBJC_LITERAL_CONVERSION = YES;
				CLANG_WARN_OBJC_ROOT_CLASS = YES_ERROR;
				CLANG_WARN_QUOTED_INCLUDE_IN_FRAMEWORK_HEADER = YES;
				CLANG_WARN_RANGE_LOOP_ANALYSIS = YES;
				CLANG_WARN_STRICT_PROTOTYPES = YES;
				CLANG_WARN_SUSPICIOUS_MOVE = YES;
				CLANG_WARN_UNGUARDED_AVAILABILITY = YES_AGGRESSIVE;
				CLANG_WARN_UNREACHABLE_CODE = YES;
				CLANG_WARN__DUPLICATE_METHOD_MATCH = YES;
				COPY_PHASE_STRIP = NO;
				DEBUG_INFORMATION_FORMAT = dwarf;
				DEVELOPMENT_TEAM = 8222RF834L;
				ENABLE_STRICT_OBJC_MSGSEND = YES;
				ENABLE_TESTABILITY = YES;
				ENABLE_USER_SCRIPT_SANDBOXING = YES;
				GCC_C_LANGUAGE_STANDARD = gnu17;
				GCC_DYNAMIC_NO_PIC = NO;
				GCC_NO_COMMON_BLOCKS = YES;
				GCC_OPTIMIZATION_LEVEL = 0;
				GCC_PREPROCESSOR_DEFINITIONS = (
					"DEBUG=1",
					"$(inherited)",
				);
				GCC_WARN_64_TO_32_BIT_CONVERSION = YES;
				GCC_WARN_ABOUT_RETURN_TYPE = YES_ERROR;
				GCC_WARN_UNDECLARED_SELECTOR = YES;
				GCC_WARN_UNINITIALIZED_AUTOS = YES_AGGRESSIVE;
				GCC_WARN_UNUSED_FUNCTION = YES;
				GCC_WARN_UNUSED_VARIABLE = YES;
				IPHONEOS_DEPLOYMENT_TARGET = 18.4;
				LOCALIZATION_PREFERS_STRING_CATALOGS = YES;
				MTL_ENABLE_DEBUG_INFO = INCLUDE_SOURCE;
				MTL_FAST_MATH = YES;
				ONLY_ACTIVE_ARCH = YES;
				SDKROOT = iphoneos;
				SWIFT_ACTIVE_COMPILATION_CONDITIONS = "DEBUG $(inherited)";
				SWIFT_OPTIMIZATION_LEVEL = "-Onone";
			};
			name = Debug;
		};
		E54CB69B2DD838EF00ABB462 /* Release */ = {
			isa = XCBuildConfiguration;
			buildSettings = {
				ALWAYS_SEARCH_USER_PATHS = NO;
				ASSETCATALOG_COMPILER_GENERATE_SWIFT_ASSET_SYMBOL_EXTENSIONS = YES;
				CLANG_ANALYZER_NONNULL = YES;
				CLANG_ANALYZER_NUMBER_OBJECT_CONVERSION = YES_AGGRESSIVE;
				CLANG_CXX_LANGUAGE_STANDARD = "gnu++20";
				CLANG_ENABLE_MODULES = YES;
				CLANG_ENABLE_OBJC_ARC = YES;
				CLANG_ENABLE_OBJC_WEAK = YES;
				CLANG_WARN_BLOCK_CAPTURE_AUTORELEASING = YES;
				CLANG_WARN_BOOL_CONVERSION = YES;
				CLANG_WARN_COMMA = YES;
				CLANG_WARN_CONSTANT_CONVERSION = YES;
				CLANG_WARN_DEPRECATED_OBJC_IMPLEMENTATIONS = YES;
				CLANG_WARN_DIRECT_OBJC_ISA_USAGE = YES_ERROR;
				CLANG_WARN_DOCUMENTATION_COMMENTS = YES;
				CLANG_WARN_EMPTY_BODY = YES;
				CLANG_WARN_ENUM_CONVERSION = YES;
				CLANG_WARN_INFINITE_RECURSION = YES;
				CLANG_WARN_INT_CONVERSION = YES;
				CLANG_WARN_NON_LITERAL_NULL_CONVERSION = YES;
				CLANG_WARN_OBJC_IMPLICIT_RETAIN_SELF = YES;
				CLANG_WARN_OBJC_LITERAL_CONVERSION = YES;
				CLANG_WARN_OBJC_ROOT_CLASS = YES_ERROR;
				CLANG_WARN_QUOTED_INCLUDE_IN_FRAMEWORK_HEADER = YES;
				CLANG_WARN_RANGE_LOOP_ANALYSIS = YES;
				CLANG_WARN_STRICT_PROTOTYPES = YES;
				CLANG_WARN_SUSPICIOUS_MOVE = YES;
				CLANG_WARN_UNGUARDED_AVAILABILITY = YES_AGGRESSIVE;
				CLANG_WARN_UNREACHABLE_CODE = YES;
				CLANG_WARN__DUPLICATE_METHOD_MATCH = YES;
				COPY_PHASE_STRIP = NO;
				DEBUG_INFORMATION_FORMAT = "dwarf-with-dsym";
				DEVELOPMENT_TEAM = 8222RF834L;
				ENABLE_NS_ASSERTIONS = NO;
				ENABLE_STRICT_OBJC_MSGSEND = YES;
				ENABLE_USER_SCRIPT_SANDBOXING = YES;
				GCC_C_LANGUAGE_STANDARD = gnu17;
				GCC_NO_COMMON_BLOCKS = YES;
				GCC_WARN_64_TO_32_BIT_CONVERSION = YES;
				GCC_WARN_ABOUT_RETURN_TYPE = YES_ERROR;
				GCC_WARN_UNDECLARED_SELECTOR = YES;
				GCC_WARN_UNINITIALIZED_AUTOS = YES_AGGRESSIVE;
				GCC_WARN_UNUSED_FUNCTION = YES;
				GCC_WARN_UNUSED_VARIABLE = YES;
				IPHONEOS_DEPLOYMENT_TARGET = 18.4;
				LOCALIZATION_PREFERS_STRING_CATALOGS = YES;
				MTL_ENABLE_DEBUG_INFO = NO;
				MTL_FAST_MATH = YES;
				SDKROOT = iphoneos;
				SWIFT_COMPILATION_MODE = wholemodule;
				VALIDATE_PRODUCT = YES;
			};
			name = Release;
		};
		E54CB69D2DD838EF00ABB462 /* Debug */ = {
			isa = XCBuildConfiguration;
			buildSettings = {
				BUNDLE_LOADER = "$(TEST_HOST)";
				CODE_SIGN_STYLE = Automatic;
				CURRENT_PROJECT_VERSION = 1;
				DEVELOPMENT_TEAM = 8222RF834L;
				GENERATE_INFOPLIST_FILE = YES;
				IPHONEOS_DEPLOYMENT_TARGET = 17.0;
				MARKETING_VERSION = 1.0;
				PRODUCT_BUNDLE_IDENTIFIER = "pavel-yarovoi.RickAndMortyTests";
				PRODUCT_NAME = "$(TARGET_NAME)";
				SUPPORTED_PLATFORMS = "iphoneos iphonesimulator";
				SUPPORTS_MACCATALYST = NO;
				SUPPORTS_MAC_DESIGNED_FOR_IPHONE_IPAD = NO;
				SUPPORTS_XR_DESIGNED_FOR_IPHONE_IPAD = NO;
				SWIFT_EMIT_LOC_STRINGS = NO;
				SWIFT_VERSION = 5.0;
				TARGETED_DEVICE_FAMILY = 1;
				TEST_HOST = "$(BUILT_PRODUCTS_DIR)/RickAndMorty.app/$(BUNDLE_EXECUTABLE_FOLDER_PATH)/RickAndMorty";
			};
			name = Debug;
		};
		E54CB69E2DD838EF00ABB462 /* Release */ = {
			isa = XCBuildConfiguration;
			buildSettings = {
				BUNDLE_LOADER = "$(TEST_HOST)";
				CODE_SIGN_STYLE = Automatic;
				CURRENT_PROJECT_VERSION = 1;
				DEVELOPMENT_TEAM = 8222RF834L;
				GENERATE_INFOPLIST_FILE = YES;
				IPHONEOS_DEPLOYMENT_TARGET = 17.0;
				MARKETING_VERSION = 1.0;
				PRODUCT_BUNDLE_IDENTIFIER = "pavel-yarovoi.RickAndMortyTests";
				PRODUCT_NAME = "$(TARGET_NAME)";
				SUPPORTED_PLATFORMS = "iphoneos iphonesimulator";
				SUPPORTS_MACCATALYST = NO;
				SUPPORTS_MAC_DESIGNED_FOR_IPHONE_IPAD = NO;
				SUPPORTS_XR_DESIGNED_FOR_IPHONE_IPAD = NO;
				SWIFT_EMIT_LOC_STRINGS = NO;
				SWIFT_VERSION = 5.0;
				TARGETED_DEVICE_FAMILY = 1;
				TEST_HOST = "$(BUILT_PRODUCTS_DIR)/RickAndMorty.app/$(BUNDLE_EXECUTABLE_FOLDER_PATH)/RickAndMorty";
			};
			name = Release;
		};
		E54CB6A02DD838EF00ABB462 /* Debug */ = {
			isa = XCBuildConfiguration;
			buildSettings = {
				CODE_SIGN_STYLE = Automatic;
				CURRENT_PROJECT_VERSION = 1;
				DEVELOPMENT_TEAM = 8222RF834L;
				GENERATE_INFOPLIST_FILE = YES;
				IPHONEOS_DEPLOYMENT_TARGET = 17.0;
				MARKETING_VERSION = 1.0;
				PRODUCT_BUNDLE_IDENTIFIER = "pavel-yarovoi.RickAndMortyUITests";
				PRODUCT_NAME = "$(TARGET_NAME)";
				SUPPORTED_PLATFORMS = "iphoneos iphonesimulator";
				SUPPORTS_MACCATALYST = NO;
				SUPPORTS_MAC_DESIGNED_FOR_IPHONE_IPAD = NO;
				SUPPORTS_XR_DESIGNED_FOR_IPHONE_IPAD = NO;
				SWIFT_EMIT_LOC_STRINGS = NO;
				SWIFT_VERSION = 5.0;
				TARGETED_DEVICE_FAMILY = 1;
				TEST_TARGET_NAME = RickAndMorty;
			};
			name = Debug;
		};
		E54CB6A12DD838EF00ABB462 /* Release */ = {
			isa = XCBuildConfiguration;
			buildSettings = {
				CODE_SIGN_STYLE = Automatic;
				CURRENT_PROJECT_VERSION = 1;
				DEVELOPMENT_TEAM = 8222RF834L;
				GENERATE_INFOPLIST_FILE = YES;
				IPHONEOS_DEPLOYMENT_TARGET = 17.0;
				MARKETING_VERSION = 1.0;
				PRODUCT_BUNDLE_IDENTIFIER = "pavel-yarovoi.RickAndMortyUITests";
				PRODUCT_NAME = "$(TARGET_NAME)";
				SUPPORTED_PLATFORMS = "iphoneos iphonesimulator";
				SUPPORTS_MACCATALYST = NO;
				SUPPORTS_MAC_DESIGNED_FOR_IPHONE_IPAD = NO;
				SUPPORTS_XR_DESIGNED_FOR_IPHONE_IPAD = NO;
				SWIFT_EMIT_LOC_STRINGS = NO;
				SWIFT_VERSION = 5.0;
				TARGETED_DEVICE_FAMILY = 1;
				TEST_TARGET_NAME = RickAndMorty;
			};
			name = Release;
		};
/* End XCBuildConfiguration section */

/* Begin XCConfigurationList section */
		E54CB6692DD838ED00ABB462 /* Build configuration list for PBXProject "RickAndMorty" */ = {
			isa = XCConfigurationList;
			buildConfigurations = (
				E54CB69A2DD838EF00ABB462 /* Debug */,
				E54CB69B2DD838EF00ABB462 /* Release */,
			);
			defaultConfigurationIsVisible = 0;
			defaultConfigurationName = Release;
		};
		E54CB6972DD838EF00ABB462 /* Build configuration list for PBXNativeTarget "RickAndMorty" */ = {
			isa = XCConfigurationList;
			buildConfigurations = (
				E54CB6982DD838EF00ABB462 /* Debug */,
				E54CB6992DD838EF00ABB462 /* Release */,
			);
			defaultConfigurationIsVisible = 0;
			defaultConfigurationName = Release;
		};
		E54CB69C2DD838EF00ABB462 /* Build configuration list for PBXNativeTarget "RickAndMortyTests" */ = {
			isa = XCConfigurationList;
			buildConfigurations = (
				E54CB69D2DD838EF00ABB462 /* Debug */,
				E54CB69E2DD838EF00ABB462 /* Release */,
			);
			defaultConfigurationIsVisible = 0;
			defaultConfigurationName = Release;
		};
		E54CB69F2DD838EF00ABB462 /* Build configuration list for PBXNativeTarget "RickAndMortyUITests" */ = {
			isa = XCConfigurationList;
			buildConfigurations = (
				E54CB6A02DD838EF00ABB462 /* Debug */,
				E54CB6A12DD838EF00ABB462 /* Release */,
			);
			defaultConfigurationIsVisible = 0;
			defaultConfigurationName = Release;
		};
/* End XCConfigurationList section */

/* Begin XCLocalSwiftPackageReference section */
		E5ED47E32F27A9D1003F39FB /* XCLocalSwiftPackageReference "Modules/Core/DependencyInjection" */ = {
			isa = XCLocalSwiftPackageReference;
			relativePath = Modules/Core/DependencyInjection;
		};
		E5ED47E62F27A9DC003F39FB /* XCLocalSwiftPackageReference "Modules/Core/Navigation" */ = {
			isa = XCLocalSwiftPackageReference;
			relativePath = Modules/Core/Navigation;
		};
		E5ED47E92F27A9E8003F39FB /* XCLocalSwiftPackageReference "Modules/Core/NetWork" */ = {
			isa = XCLocalSwiftPackageReference;
			relativePath = Modules/Core/NetWork;
		};
		E5ED47EC2F27A9F6003F39FB /* XCLocalSwiftPackageReference "Modules/Core/Resources" */ = {
			isa = XCLocalSwiftPackageReference;
			relativePath = Modules/Core/Resources;
		};
		E5ED47EF2F27AA04003F39FB /* XCLocalSwiftPackageReference "Modules/Core/Storage" */ = {
			isa = XCLocalSwiftPackageReference;
			relativePath = Modules/Core/Storage;
		};
		E5ED47F22F27AA11003F39FB /* XCLocalSwiftPackageReference "Modules/Core/UIComponents" */ = {
			isa = XCLocalSwiftPackageReference;
			relativePath = Modules/Core/UIComponents;
		};
		E5ED47F52F27AA1D003F39FB /* XCLocalSwiftPackageReference "Modules/Data" */ = {
			isa = XCLocalSwiftPackageReference;
			relativePath = Modules/Data;
		};
		E5ED47F82F27AA2B003F39FB /* XCLocalSwiftPackageReference "Modules/Features/Characters" */ = {
			isa = XCLocalSwiftPackageReference;
			relativePath = Modules/Features/Characters;
		};
/* End XCLocalSwiftPackageReference section */

/* Begin XCRemoteSwiftPackageReference section */
		E56766F92DEF2BCE0086706F /* XCRemoteSwiftPackageReference "CombineCocoa" */ = {
			isa = XCRemoteSwiftPackageReference;
			repositoryURL = "https://github.com/CombineCommunity/CombineCocoa.git";
			requirement = {
				kind = upToNextMajorVersion;
				minimumVersion = 0.4.1;
			};
		};
/* End XCRemoteSwiftPackageReference section */

/* Begin XCSwiftPackageProductDependency section */
		E56766FA2DEF2BCE0086706F /* CombineCocoa */ = {
			isa = XCSwiftPackageProductDependency;
			package = E56766F92DEF2BCE0086706F /* XCRemoteSwiftPackageReference "CombineCocoa" */;
			productName = CombineCocoa;
		};
		E5ED47E42F27A9D1003F39FB /* DependencyInjection */ = {
			isa = XCSwiftPackageProductDependency;
			productName = DependencyInjection;
		};
		E5ED47E72F27A9DC003F39FB /* Navigation */ = {
			isa = XCSwiftPackageProductDependency;
			productName = Navigation;
		};
		E5ED47EA2F27A9E8003F39FB /* NetWork */ = {
			isa = XCSwiftPackageProductDependency;
			productName = NetWork;
		};
		E5ED47ED2F27A9F6003F39FB /* Resources */ = {
			isa = XCSwiftPackageProductDependency;
			productName = Resources;
		};
		E5ED47F02F27AA04003F39FB /* Storage */ = {
			isa = XCSwiftPackageProductDependency;
			productName = Storage;
		};
		E5ED47F32F27AA11003F39FB /* UIComponents */ = {
			isa = XCSwiftPackageProductDependency;
			productName = UIComponents;
		};
		E5ED47F62F27AA1D003F39FB /* Data */ = {
			isa = XCSwiftPackageProductDependency;
			productName = Data;
		};
		E5ED47F92F27AA2B003F39FB /* Characters */ = {
			isa = XCSwiftPackageProductDependency;
			productName = Characters;
		};
/* End XCSwiftPackageProductDependency section */
	};
	rootObject = E54CB6662DD838ED00ABB462 /* Project object */;
}
